
Microsoft Visual Studio Solution File, Format Version 12.00
# Visual Studio Version 16
VisualStudioVersion = 16.6.30114.105
MinimumVisualStudioVersion = 10.0.40219.1
Project("{9A19103F-16F7-4668-BE54-9A1E7A4F7556}") = "RadLine", "RadLine\RadLine.csproj", "{DFF3DD16-6AE7-4FDB-807F-F2E8A3166691}"
EndProject
Project("{9A19103F-16F7-4668-BE54-9A1E7A4F7556}") = "RadLine.Tests", "RadLine.Tests\RadLine.Tests.csproj", "{5DFDEEA4-7B61-47FD-AEA0-14FB569EBE62}"
EndProject
Project("{2150E333-8FDC-42A3-9474-1A3956D46DE8}") = "Examples", "Examples", "{4BC15770-BCF4-443D-B3BB-2DD0936D9B15}"
EndProject
Project("{9A19103F-16F7-4668-BE54-9A1E7A4F7556}") = "Demo", "..\examples\Demo\Demo.csproj", "{D4041FF2-FA9D-499C-8523-E5461983A503}"
EndProject
Project("{9A19103F-16F7-4668-BE54-9A1E7A4F7556}") = "Repl", "..\examples\Repl\Repl.csproj", "{B9E9618E-CB8F-4441-8D36-D96D01F73311}"
EndProject
Global
	GlobalSection(SolutionConfigurationPlatforms) = preSolution
		Debug|Any CPU = Debug|Any CPU
		Debug|x64 = Debug|x64
		Debug|x86 = Debug|x86
		Release|Any CPU = Release|Any CPU
		Release|x64 = Release|x64
		Release|x86 = Release|x86
	EndGlobalSection
	GlobalSection(ProjectConfigurationPlatforms) = postSolution
		{DFF3DD16-6AE7-4FDB-807F-F2E8A3166691}.Debug|Any CPU.ActiveCfg = Debug|Any CPU
		{DFF3DD16-6AE7-4FDB-807F-F2E8A3166691}.Debug|Any CPU.Build.0 = Debug|Any CPU
		{DFF3DD16-6AE7-4FDB-807F-F2E8A3166691}.Debug|x64.ActiveCfg = Debug|Any CPU
		{DFF3DD16-6AE7-4FDB-807F-F2E8A3166691}.Debug|x64.Build.0 = Debug|Any CPU
		{DFF3DD16-6AE7-4FDB-807F-F2E8A3166691}.Debug|x86.ActiveCfg = Debug|Any CPU
		{DFF3DD16-6AE7-4FDB-807F-F2E8A3166691}.Debug|x86.Build.0 = Debug|Any CPU
		{DFF3DD16-6AE7-4FDB-807F-F2E8A3166691}.Release|Any CPU.ActiveCfg = Release|Any CPU
		{DFF3DD16-6AE7-4FDB-807F-F2E8A3166691}.Release|Any CPU.Build.0 = Release|Any CPU
		{DFF3DD16-6AE7-4FDB-807F-F2E8A3166691}.Release|x64.ActiveCfg = Release|Any CPU
		{DFF3DD16-6AE7-4FDB-807F-F2E8A3166691}.Release|x64.Build.0 = Release|Any CPU
		{DFF3DD16-6AE7-4FDB-807F-F2E8A3166691}.Release|x86.ActiveCfg = Release|Any CPU
		{DFF3DD16-6AE7-4FDB-807F-F2E8A3166691}.Release|x86.Build.0 = Release|Any CPU
		{5DFDEEA4-7B61-47FD-AEA0-14FB569EBE62}.Debug|Any CPU.ActiveCfg = Debug|Any CPU
		{5DFDEEA4-7B61-47FD-AEA0-14FB569EBE62}.Debug|Any CPU.Build.0 = Debug|Any CPU
		{5DFDEEA4-7B61-47FD-AEA0-14FB569EBE62}.Debug|x64.ActiveCfg = Debug|Any CPU
		{5DFDEEA4-7B61-47FD-AEA0-14FB569EBE62}.Debug|x64.Build.0 = Debug|Any CPU
		{5DFDEEA4-7B61-47FD-AEA0-14FB569EBE62}.Debug|x86.ActiveCfg = Debug|Any CPU
		{5DFDEEA4-7B61-47FD-AEA0-14FB569EBE62}.Debug|x86.Build.0 = Debug|Any CPU
		{5DFDEEA4-7B61-47FD-AEA0-14FB569EBE62}.Release|Any CPU.ActiveCfg = Release|Any CPU
		{5DFDEEA4-7B61-47FD-AEA0-14FB569EBE62}.Release|Any CPU.Build.0 = Release|Any CPU
		{5DFDEEA4-7B61-47FD-AEA0-14FB569EBE62}.Release|x64.ActiveCfg = Release|Any CPU
		{5DFDEEA4-7B61-47FD-AEA0-14FB569EBE62}.Release|x64.Build.0 = Release|Any CPU
		{5DFDEEA4-7B61-47FD-AEA0-14FB569EBE62}.Release|x86.ActiveCfg = Release|Any CPU
		{5DFDEEA4-7B61-47FD-AEA0-14FB569EBE62}.Release|x86.Build.0 = Release|Any CPU
		{D4041FF2-FA9D-499C-8523-E5461983A503}.Debug|Any CPU.ActiveCfg = Debug|Any CPU
		{D4041FF2-FA9D-499C-8523-E5461983A503}.Debug|Any CPU.Build.0 = Debug|Any CPU
		{D4041FF2-FA9D-499C-8523-E5461983A503}.Debug|x64.ActiveCfg = Debug|Any CPU
		{D4041FF2-FA9D-499C-8523-E5461983A503}.Debug|x64.Build.0 = Debug|Any CPU
		{D4041FF2-FA9D-499C-8523-E5461983A503}.Debug|x86.ActiveCfg = Debug|Any CPU
		{D4041FF2-FA9D-499C-8523-E5461983A503}.Debug|x86.Build.0 = Debug|Any CPU
		{D4041FF2-FA9D-499C-8523-E5461983A503}.Release|Any CPU.ActiveCfg = Release|Any CPU
		{D4041FF2-FA9D-499C-8523-E5461983A503}.Release|Any CPU.Build.0 = Release|Any CPU
		{D4041FF2-FA9D-499C-8523-E5461983A503}.Release|x64.ActiveCfg = Release|Any CPU
		{D4041FF2-FA9D-499C-8523-E5461983A503}.Release|x64.Build.0 = Release|Any CPU
		{D4041FF2-FA9D-499C-8523-E5461983A503}.Release|x86.ActiveCfg = Release|Any CPU
		{D4041FF2-FA9D-499C-8523-E5461983A503}.Release|x86.Build.0 = Release|Any CPU
		{B9E9618E-CB8F-4441-8D36-D96D01F73311}.Debug|Any CPU.ActiveCfg = Debug|Any CPU
		{B9E9618E-CB8F-4441-8D36-D96D01F73311}.Debug|Any CPU.Build.0 = Debug|Any CPU
		{B9E9618E-CB8F-4441-8D36-D96D01F73311}.Debug|x64.ActiveCfg = Debug|Any CPU
		{B9E9618E-CB8F-4441-8D36-D96D01F73311}.Debug|x64.Build.0 = Debug|Any CPU
		{B9E9618E-CB8F-4441-8D36-D96D01F73311}.Debug|x86.ActiveCfg = Debug|Any CPU
		{B9E9618E-CB8F-4441-8D36-D96D01F73311}.Debug|x86.Build.0 = Debug|Any CPU
		{B9E9618E-CB8F-4441-8D36-D96D01F73311}.Release|Any CPU.ActiveCfg = Release|Any CPU
		{B9E9618E-CB8F-4441-8D36-D96D01F73311}.Release|Any CPU.Build.0 = Release|Any CPU
		{B9E9618E-CB8F-4441-8D36-D96D01F73311}.Release|x64.ActiveCfg = Release|Any CPU
		{B9E9618E-CB8F-4441-8D36-D96D01F73311}.Release|x64.Build.0 = Release|Any CPU
		{B9E9618E-CB8F-4441-8D36-D96D01F73311}.Release|x86.ActiveCfg = Release|Any CPU
		{B9E9618E-CB8F-4441-8D36-D96D01F73311}.Release|x86.Build.0 = Release|Any CPU
	EndGlobalSection
	GlobalSection(SolutionProperties) = preSolution
		HideSolutionNode = FALSE
	EndGlobalSection
	GlobalSection(NestedProjects) = preSolution
		{D4041FF2-FA9D-499C-8523-E5461983A503} = {4BC15770-BCF4-443D-B3BB-2DD0936D9B15}
		{B9E9618E-CB8F-4441-8D36-D96D01F73311} = {4BC15770-BCF4-443D-B3BB-2DD0936D9B15}
	EndGlobalSection
	GlobalSection(ExtensibilityGlobals) = postSolution
		SolutionGuid = {704BD8C0-DF3C-41CA-84B7-5A2634CB9129}
	EndGlobalSection
EndGlobal
