
Microsoft Visual Studio Solution File, Format Version 12.00
# Visual Studio Version 16
VisualStudioVersion = 16.6.30114.105
MinimumVisualStudioVersion = 10.0.40219.1
Project("{FAE04EC0-301F-11D3-BF4B-00C04F79EFBC}") = "RadLine", "RadLine\RadLine.csproj", "{DFF3DD16-6AE7-4FDB-807F-F2E8A3166691}"
EndProject
Project("{FAE04EC0-301F-11D3-BF4B-00C04F79EFBC}") = "RadLine.Tests", "RadLine.Tests\RadLine.Tests.csproj", "{5DFDEEA4-7B61-47FD-AEA0-14FB569EBE62}"
EndProject
Project("{FAE04EC0-301F-11D3-BF4B-00C04F79EFBC}") = "RadLine.Sandbox", "RadLine.Sandbox\RadLine.Sandbox.csproj", "{0DEC2184-5587-49C0-80FF-A963E6F494A9}"
EndProject
Global
	GlobalSection(SolutionConfigurationPlatforms) = preSolution
		Debug|Any CPU = Debug|Any CPU
		Debug|x64 = Debug|x64
		Debug|x86 = Debug|x86
		Release|Any CPU = Release|Any CPU
		Release|x64 = Release|x64
		Release|x86 = Release|x86
	EndGlobalSection
	GlobalSection(SolutionProperties) = preSolution
		HideSolutionNode = FALSE
	EndGlobalSection
	GlobalSection(ProjectConfigurationPlatforms) = postSolution
		{DFF3DD16-6AE7-4FDB-807F-F2E8A3166691}.Debug|Any CPU.ActiveCfg = Debug|Any CPU
		{DFF3DD16-6AE7-4FDB-807F-F2E8A3166691}.Debug|Any CPU.Build.0 = Debug|Any CPU
		{DFF3DD16-6AE7-4FDB-807F-F2E8A3166691}.Debug|x64.ActiveCfg = Debug|Any CPU
		{DFF3DD16-6AE7-4FDB-807F-F2E8A3166691}.Debug|x64.Build.0 = Debug|Any CPU
		{DFF3DD16-6AE7-4FDB-807F-F2E8A3166691}.Debug|x86.ActiveCfg = Debug|Any CPU
		{DFF3DD16-6AE7-4FDB-807F-F2E8A3166691}.Debug|x86.Build.0 = Debug|Any CPU
		{DFF3DD16-6AE7-4FDB-807F-F2E8A3166691}.Release|Any CPU.ActiveCfg = Release|Any CPU
		{DFF3DD16-6AE7-4FDB-807F-F2E8A3166691}.Release|Any CPU.Build.0 = Release|Any CPU
		{DFF3DD16-6AE7-4FDB-807F-F2E8A3166691}.Release|x64.ActiveCfg = Release|Any CPU
		{DFF3DD16-6AE7-4FDB-807F-F2E8A3166691}.Release|x64.Build.0 = Release|Any CPU
		{DFF3DD16-6AE7-4FDB-807F-F2E8A3166691}.Release|x86.ActiveCfg = Release|Any CPU
		{DFF3DD16-6AE7-4FDB-807F-F2E8A3166691}.Release|x86.Build.0 = Release|Any CPU
		{5DFDEEA4-7B61-47FD-AEA0-14FB569EBE62}.Debug|Any CPU.ActiveCfg = Debug|Any CPU
		{5DFDEEA4-7B61-47FD-AEA0-14FB569EBE62}.Debug|Any CPU.Build.0 = Debug|Any CPU
		{5DFDEEA4-7B61-47FD-AEA0-14FB569EBE62}.Debug|x64.ActiveCfg = Debug|Any CPU
		{5DFDEEA4-7B61-47FD-AEA0-14FB569EBE62}.Debug|x64.Build.0 = Debug|Any CPU
		{5DFDEEA4-7B61-47FD-AEA0-14FB569EBE62}.Debug|x86.ActiveCfg = Debug|Any CPU
		{5DFDEEA4-7B61-47FD-AEA0-14FB569EBE62}.Debug|x86.Build.0 = Debug|Any CPU
		{5DFDEEA4-7B61-47FD-AEA0-14FB569EBE62}.Release|Any CPU.ActiveCfg = Release|Any CPU
		{5DFDEEA4-7B61-47FD-AEA0-14FB569EBE62}.Release|Any CPU.Build.0 = Release|Any CPU
		{5DFDEEA4-7B61-47FD-AEA0-14FB569EBE62}.Release|x64.ActiveCfg = Release|Any CPU
		{5DFDEEA4-7B61-47FD-AEA0-14FB569EBE62}.Release|x64.Build.0 = Release|Any CPU
		{5DFDEEA4-7B61-47FD-AEA0-14FB569EBE62}.Release|x86.ActiveCfg = Release|Any CPU
		{5DFDEEA4-7B61-47FD-AEA0-14FB569EBE62}.Release|x86.Build.0 = Release|Any CPU
		{0DEC2184-5587-49C0-80FF-A963E6F494A9}.Debug|Any CPU.ActiveCfg = Debug|Any CPU
		{0DEC2184-5587-49C0-80FF-A963E6F494A9}.Debug|Any CPU.Build.0 = Debug|Any CPU
		{0DEC2184-5587-49C0-80FF-A963E6F494A9}.Debug|x64.ActiveCfg = Debug|Any CPU
		{0DEC2184-5587-49C0-80FF-A963E6F494A9}.Debug|x64.Build.0 = Debug|Any CPU
		{0DEC2184-5587-49C0-80FF-A963E6F494A9}.Debug|x86.ActiveCfg = Debug|Any CPU
		{0DEC2184-5587-49C0-80FF-A963E6F494A9}.Debug|x86.Build.0 = Debug|Any CPU
		{0DEC2184-5587-49C0-80FF-A963E6F494A9}.Release|Any CPU.ActiveCfg = Release|Any CPU
		{0DEC2184-5587-49C0-80FF-A963E6F494A9}.Release|Any CPU.Build.0 = Release|Any CPU
		{0DEC2184-5587-49C0-80FF-A963E6F494A9}.Release|x64.ActiveCfg = Release|Any CPU
		{0DEC2184-5587-49C0-80FF-A963E6F494A9}.Release|x64.Build.0 = Release|Any CPU
		{0DEC2184-5587-49C0-80FF-A963E6F494A9}.Release|x86.ActiveCfg = Release|Any CPU
		{0DEC2184-5587-49C0-80FF-A963E6F494A9}.Release|x86.Build.0 = Release|Any CPU
	EndGlobalSection
EndGlobal
